
Microsoft Visual Studio Solution File, Format Version 12.00
# Visual Studio Version 17
VisualStudioVersion = 17.4.33213.308
MinimumVisualStudioVersion = 10.0.40219.1
Project("{FAE04EC0-301F-11D3-BF4B-00C04F79EFBC}") = "Password Generator", "Password Generator\Password Generator.csproj", "{2CA031A2-3FB7-49D2-B27B-F6B85E943658}"
EndProject
Global
	GlobalSection(SolutionConfigurationPlatforms) = preSolution
		Debug|Any CPU = Debug|Any CPU
		Release|Any CPU = Release|Any CPU
	EndGlobalSection
	GlobalSection(ProjectConfigurationPlatforms) = postSolution
		{2CA031A2-3FB7-49D2-B27B-F6B85E943658}.Debug|Any CPU.ActiveCfg = Debug|Any CPU
		{2CA031A2-3FB7-49D2-B27B-F6B85E943658}.Debug|Any CPU.Build.0 = Debug|Any CPU
		{2CA031A2-3FB7-49D2-B27B-F6B85E943658}.Release|Any CPU.ActiveCfg = Release|Any CPU
		{2CA031A2-3FB7-49D2-B27B-F6B85E943658}.Release|Any CPU.Build.0 = Release|Any CPU
	EndGlobalSection
	GlobalSection(SolutionProperties) = preSolution
		HideSolutionNode = FALSE
	EndGlobalSection
	GlobalSection(ExtensibilityGlobals) = postSolution
		SolutionGuid = {A388A1B7-8A10-47D2-B8AA-D40CD7FC63F1}
	EndGlobalSection
EndGlobal
